
Microsoft Visual Studio Solution File, Format Version 12.00
# Visual Studio Version 17
VisualStudioVersion = 17.11.35219.272
MinimumVisualStudioVersion = 10.0.40219.1
Project("{FAE04EC0-301F-11D3-BF4B-00C04F79EFBC}") = "TodoAPI", "TodoAPI.csproj", "{89E41F3D-C75C-4046-B302-C5CB6508A8C0}"
EndProject
Global
	GlobalSection(SolutionConfigurationPlatforms) = preSolution
		Debug|Any CPU = Debug|Any CPU
		Release|Any CPU = Release|Any CPU
	EndGlobalSection
	GlobalSection(ProjectConfigurationPlatforms) = postSolution
		{89E41F3D-C75C-4046-B302-C5CB6508A8C0}.Debug|Any CPU.ActiveCfg = Debug|Any CPU
		{89E41F3D-C75C-4046-B302-C5CB6508A8C0}.Debug|Any CPU.Build.0 = Debug|Any CPU
		{89E41F3D-C75C-4046-B302-C5CB6508A8C0}.Release|Any CPU.ActiveCfg = Release|Any CPU
		{89E41F3D-C75C-4046-B302-C5CB6508A8C0}.Release|Any CPU.Build.0 = Release|Any CPU
	EndGlobalSection
	GlobalSection(SolutionProperties) = preSolution
		HideSolutionNode = FALSE
	EndGlobalSection
	GlobalSection(ExtensibilityGlobals) = postSolution
		SolutionGuid = {2834F82A-5F12-486D-9FD9-195A5788C034}
	EndGlobalSection
EndGlobal
